
Microsoft Visual Studio Solution File, Format Version 12.00
# Visual Studio 15
Project("{FAE04EC0-301F-11D3-BF4B-00C04F79EFBC}") = "Assembly-CSharp", "Assembly-CSharp.csproj", "{04163F06-6200-D289-A146-92423DE0975E}"
EndProject
Project("{FAE04EC0-301F-11D3-BF4B-00C04F79EFBC}") = "Assembly-CSharp-firstpass", "Assembly-CSharp-firstpass.csproj", "{35DC050C-7A1A-4713-C06E-654B72CC2BBA}"
EndProject
Project("{FAE04EC0-301F-11D3-BF4B-00C04F79EFBC}") = "Assembly-CSharp-Editor", "Assembly-CSharp-Editor.csproj", "{8D85E6F5-8603-0366-9027-F64DC7263DC1}"
EndProject
Global
	GlobalSection(SolutionConfigurationPlatforms) = preSolution
		Debug|Any CPU = Debug|Any CPU
		Release|Any CPU = Release|Any CPU
	EndGlobalSection
	GlobalSection(ProjectConfigurationPlatforms) = postSolution
		{04163F06-6200-D289-A146-92423DE0975E}.Debug|Any CPU.ActiveCfg = Debug|Any CPU
		{04163F06-6200-D289-A146-92423DE0975E}.Debug|Any CPU.Build.0 = Debug|Any CPU
		{04163F06-6200-D289-A146-92423DE0975E}.Release|Any CPU.ActiveCfg = Release|Any CPU
		{04163F06-6200-D289-A146-92423DE0975E}.Release|Any CPU.Build.0 = Release|Any CPU
		{35DC050C-7A1A-4713-C06E-654B72CC2BBA}.Debug|Any CPU.ActiveCfg = Debug|Any CPU
		{35DC050C-7A1A-4713-C06E-654B72CC2BBA}.Debug|Any CPU.Build.0 = Debug|Any CPU
		{35DC050C-7A1A-4713-C06E-654B72CC2BBA}.Release|Any CPU.ActiveCfg = Release|Any CPU
		{35DC050C-7A1A-4713-C06E-654B72CC2BBA}.Release|Any CPU.Build.0 = Release|Any CPU
		{8D85E6F5-8603-0366-9027-F64DC7263DC1}.Debug|Any CPU.ActiveCfg = Debug|Any CPU
		{8D85E6F5-8603-0366-9027-F64DC7263DC1}.Debug|Any CPU.Build.0 = Debug|Any CPU
		{8D85E6F5-8603-0366-9027-F64DC7263DC1}.Release|Any CPU.ActiveCfg = Release|Any CPU
		{8D85E6F5-8603-0366-9027-F64DC7263DC1}.Release|Any CPU.Build.0 = Release|Any CPU
	EndGlobalSection
	GlobalSection(SolutionProperties) = preSolution
		HideSolutionNode = FALSE
	EndGlobalSection
EndGlobal
